
Microsoft Visual Studio Solution File, Format Version 12.00
Project("{FAE04EC0-301F-11D3-BF4B-00C04F79EFBC}") = "basic-graphics-library", "basic-graphics-library\basic-graphics-library.csproj", "{2EBE864B-9373-41FC-BDDA-FA89643A8BB6}"
EndProject
Global
	GlobalSection(SolutionConfigurationPlatforms) = preSolution
		Debug|Any CPU = Debug|Any CPU
		Release|Any CPU = Release|Any CPU
	EndGlobalSection
	GlobalSection(ProjectConfigurationPlatforms) = postSolution
		{2EBE864B-9373-41FC-BDDA-FA89643A8BB6}.Debug|Any CPU.ActiveCfg = Debug|Any CPU
		{2EBE864B-9373-41FC-BDDA-FA89643A8BB6}.Debug|Any CPU.Build.0 = Debug|Any CPU
		{2EBE864B-9373-41FC-BDDA-FA89643A8BB6}.Release|Any CPU.ActiveCfg = Release|Any CPU
		{2EBE864B-9373-41FC-BDDA-FA89643A8BB6}.Release|Any CPU.Build.0 = Release|Any CPU
	EndGlobalSection
EndGlobal
